
Microsoft Visual Studio Solution File, Format Version 12.00
# Visual Studio Version 16
VisualStudioVersion = 16.0.29920.165
MinimumVisualStudioVersion = 10.0.40219.1
Project("{FAE04EC0-301F-11D3-BF4B-00C04F79EFBC}") = "Cw4", "Cw4.csproj", "{1D7E6812-5181-4CBD-8FD0-160BC1835B88}"
EndProject
Global
	GlobalSection(SolutionConfigurationPlatforms) = preSolution
		Debug|Any CPU = Debug|Any CPU
		Release|Any CPU = Release|Any CPU
	EndGlobalSection
	GlobalSection(ProjectConfigurationPlatforms) = postSolution
		{1D7E6812-5181-4CBD-8FD0-160BC1835B88}.Debug|Any CPU.ActiveCfg = Debug|Any CPU
		{1D7E6812-5181-4CBD-8FD0-160BC1835B88}.Debug|Any CPU.Build.0 = Debug|Any CPU
		{1D7E6812-5181-4CBD-8FD0-160BC1835B88}.Release|Any CPU.ActiveCfg = Release|Any CPU
		{1D7E6812-5181-4CBD-8FD0-160BC1835B88}.Release|Any CPU.Build.0 = Release|Any CPU
	EndGlobalSection
	GlobalSection(SolutionProperties) = preSolution
		HideSolutionNode = FALSE
	EndGlobalSection
	GlobalSection(ExtensibilityGlobals) = postSolution
		SolutionGuid = {0AAA20F8-3CFF-4DC4-9ABE-908B3BB5BD5B}
	EndGlobalSection
EndGlobal
